// !$*UTF8*$!
{
	archiveVersion = 1;
	classes = {
	};
	objectVersion = 50;
	objects = {

/* Begin PBXBuildFile section */
		37F1247D23834B8300C9D006 /* DetailView.swift in Sources */ = {isa = PBXBuildFile; fileRef = 37F1247023834B8300C9D006 /* DetailView.swift */; };
		37F1247E23834B8300C9D006 /* ChecklistViewModel.swift in Sources */ = {isa = PBXBuildFile; fileRef = 37F1247123834B8300C9D006 /* ChecklistViewModel.swift */; };
		37F1247F23834B8300C9D006 /* Model.swift in Sources */ = {isa = PBXBuildFile; fileRef = 37F1247223834B8300C9D006 /* Model.swift */; };
		37F1248023834B8300C9D006 /* ChecklistView.swift in Sources */ = {isa = PBXBuildFile; fileRef = 37F1247323834B8300C9D006 /* ChecklistView.swift */; };
		37F1248123834B8300C9D006 /* ChecklistItemViewModel.swift in Sources */ = {isa = PBXBuildFile; fileRef = 37F1247423834B8300C9D006 /* ChecklistItemViewModel.swift */; };
		37F1248223834B8300C9D006 /* Identifiers.swift in Sources */ = {isa = PBXBuildFile; fileRef = 37F1247523834B8300C9D006 /* Identifiers.swift */; };
		37F1248323834B8300C9D006 /* ContentViewModel.swift in Sources */ = {isa = PBXBuildFile; fileRef = 37F1247623834B8300C9D006 /* ContentViewModel.swift */; };
		37F1248423834B8300C9D006 /* DetailViewModel.swift in Sources */ = {isa = PBXBuildFile; fileRef = 37F1247723834B8300C9D006 /* DetailViewModel.swift */; };
		37F1248523834B8300C9D006 /* TextView.swift in Sources */ = {isa = PBXBuildFile; fileRef = 37F1247823834B8300C9D006 /* TextView.swift */; };
		37F1248623834B8300C9D006 /* AppDelegate.swift in Sources */ = {isa = PBXBuildFile; fileRef = 37F1247923834B8300C9D006 /* AppDelegate.swift */; };
		37F1248723834B8300C9D006 /* ChecklistItemView.swift in Sources */ = {isa = PBXBuildFile; fileRef = 37F1247A23834B8300C9D006 /* ChecklistItemView.swift */; };
		37F1248823834B8300C9D006 /* ContentView.swift in Sources */ = {isa = PBXBuildFile; fileRef = 37F1247B23834B8300C9D006 /* ContentView.swift */; };
		37F1248923834B8300C9D006 /* EphemeralComboBox.swift in Sources */ = {isa = PBXBuildFile; fileRef = 37F1247C23834B8300C9D006 /* EphemeralComboBox.swift */; };
		37F1249023834B9000C9D006 /* Assets.xcassets in Resources */ = {isa = PBXBuildFile; fileRef = 37F1248B23834B9000C9D006 /* Assets.xcassets */; };
		37F1249123834B9000C9D006 /* Preview Assets.xcassets in Resources */ = {isa = PBXBuildFile; fileRef = 37F1248D23834B9000C9D006 /* Preview Assets.xcassets */; };
		37F1249223834B9000C9D006 /* Main.storyboard in Resources */ = {isa = PBXBuildFile; fileRef = 37F1248E23834B9000C9D006 /* Main.storyboard */; };
		37F1249723834C3D00C9D006 /* Info.plist in Resources */ = {isa = PBXBuildFile; fileRef = 37F1249623834C3D00C9D006 /* Info.plist */; };
		37F124FF23834CE800C9D006 /* PLRelational.framework in Frameworks */ = {isa = PBXBuildFile; fileRef = 37F124BD23834CCB00C9D006 /* PLRelational.framework */; };
		37F1250023834CEC00C9D006 /* PLRelationalCombine.framework in Frameworks */ = {isa = PBXBuildFile; fileRef = 37F124D523834CCB00C9D006 /* PLRelationalCombine.framework */; };
/* End PBXBuildFile section */

/* Begin PBXContainerItemProxy section */
		37F124BC23834CCB00C9D006 /* PBXContainerItemProxy */ = {
			isa = PBXContainerItemProxy;
			containerPortal = 37F1249923834CCA00C9D006 /* PLRelational.xcodeproj */;
			proxyType = 2;
			remoteGlobalIDString = 37B43FFA1E8997EB00C8C336;
			remoteInfo = "PLRelational-macOS";
		};
		37F124BE23834CCB00C9D006 /* PBXContainerItemProxy */ = {
			isa = PBXContainerItemProxy;
			containerPortal = 37F1249923834CCA00C9D006 /* PLRelational.xcodeproj */;
			proxyType = 2;
			remoteGlobalIDString = 37B440021E8997EB00C8C336;
			remoteInfo = "PLRelational-macOSTests";
		};
		37F124C023834CCB00C9D006 /* PBXContainerItemProxy */ = {
			isa = PBXContainerItemProxy;
			containerPortal = 37F1249923834CCA00C9D006 /* PLRelational.xcodeproj */;
			proxyType = 2;
			remoteGlobalIDString = 37B43F1C1E898BAD00C8C336;
			remoteInfo = "PLRelational-iOS";
		};
		37F124C223834CCB00C9D006 /* PBXContainerItemProxy */ = {
			isa = PBXContainerItemProxy;
			containerPortal = 37F1249923834CCA00C9D006 /* PLRelational.xcodeproj */;
			proxyType = 2;
			remoteGlobalIDString = 37B43F241E898BAD00C8C336;
			remoteInfo = "PLRelational-iOSTests";
		};
		37F124C423834CCB00C9D006 /* PBXContainerItemProxy */ = {
			isa = PBXContainerItemProxy;
			containerPortal = 37F1249923834CCA00C9D006 /* PLRelational.xcodeproj */;
			proxyType = 2;
			remoteGlobalIDString = 37B440D31E899F7600C8C336;
			remoteInfo = "PLRelationalBinding-macOS";
		};
		37F124C623834CCB00C9D006 /* PBXContainerItemProxy */ = {
			isa = PBXContainerItemProxy;
			containerPortal = 37F1249923834CCA00C9D006 /* PLRelational.xcodeproj */;
			proxyType = 2;
			remoteGlobalIDString = 37B440DB1E899F7600C8C336;
			remoteInfo = "PLRelationalBinding-macOSTests";
		};
		37F124C823834CCB00C9D006 /* PBXContainerItemProxy */ = {
			isa = PBXContainerItemProxy;
			containerPortal = 37F1249923834CCA00C9D006 /* PLRelational.xcodeproj */;
			proxyType = 2;
			remoteGlobalIDString = 37B440EF1E899FB700C8C336;
			remoteInfo = "PLRelationalBinding-iOS";
		};
		37F124CA23834CCB00C9D006 /* PBXContainerItemProxy */ = {
			isa = PBXContainerItemProxy;
			containerPortal = 37F1249923834CCA00C9D006 /* PLRelational.xcodeproj */;
			proxyType = 2;
			remoteGlobalIDString = 37B440F71E899FB700C8C336;
			remoteInfo = "PLRelationalBinding-iOSTests";
		};
		37F124CC23834CCB00C9D006 /* PBXContainerItemProxy */ = {
			isa = PBXContainerItemProxy;
			containerPortal = 37F1249923834CCA00C9D006 /* PLRelational.xcodeproj */;
			proxyType = 2;
			remoteGlobalIDString = 37B441611E89A49A00C8C336;
			remoteInfo = "PLBindableControls-macOS";
		};
		37F124CE23834CCB00C9D006 /* PBXContainerItemProxy */ = {
			isa = PBXContainerItemProxy;
			containerPortal = 37F1249923834CCA00C9D006 /* PLRelational.xcodeproj */;
			proxyType = 2;
			remoteGlobalIDString = 37B441691E89A49B00C8C336;
			remoteInfo = "PLBindableControls-macOSTests";
		};
		37F124D023834CCB00C9D006 /* PBXContainerItemProxy */ = {
			isa = PBXContainerItemProxy;
			containerPortal = 37F1249923834CCA00C9D006 /* PLRelational.xcodeproj */;
			proxyType = 2;
			remoteGlobalIDString = 3777D5C51E8C199C006D147D;
			remoteInfo = "PLBindableControls-iOS";
		};
		37F124D223834CCB00C9D006 /* PBXContainerItemProxy */ = {
			isa = PBXContainerItemProxy;
			containerPortal = 37F1249923834CCA00C9D006 /* PLRelational.xcodeproj */;
			proxyType = 2;
			remoteGlobalIDString = 3777D5CD1E8C199D006D147D;
			remoteInfo = "PLBindableControls-iOSTests";
		};
		37F124D423834CCB00C9D006 /* PBXContainerItemProxy */ = {
			isa = PBXContainerItemProxy;
			containerPortal = 37F1249923834CCA00C9D006 /* PLRelational.xcodeproj */;
			proxyType = 2;
			remoteGlobalIDString = 371EDB57235F62720079AE5E;
			remoteInfo = "PLRelationalCombine-macOS";
		};
		37F124D623834CCB00C9D006 /* PBXContainerItemProxy */ = {
			isa = PBXContainerItemProxy;
			containerPortal = 37F1249923834CCA00C9D006 /* PLRelational.xcodeproj */;
			proxyType = 2;
			remoteGlobalIDString = 371EDB76235F63670079AE5E;
			remoteInfo = "PLRelationalCombine-macOSTests";
		};
		37F124D823834CCB00C9D006 /* PBXContainerItemProxy */ = {
			isa = PBXContainerItemProxy;
			containerPortal = 37F1249923834CCA00C9D006 /* PLRelational.xcodeproj */;
			proxyType = 2;
			remoteGlobalIDString = 372707E81CFE2C7E00710C80;
			remoteInfo = BindableControlsApp;
		};
		37F124DA23834CCB00C9D006 /* PBXContainerItemProxy */ = {
			isa = PBXContainerItemProxy;
			containerPortal = 37F1249923834CCA00C9D006 /* PLRelational.xcodeproj */;
			proxyType = 2;
			remoteGlobalIDString = 372707F61CFE2C7E00710C80;
			remoteInfo = BindableControlsAppUITests;
		};
		37F124DC23834CCB00C9D006 /* PBXContainerItemProxy */ = {
			isa = PBXContainerItemProxy;
			containerPortal = 37F1249923834CCA00C9D006 /* PLRelational.xcodeproj */;
			proxyType = 2;
			remoteGlobalIDString = 37412E811F100848002F131A;
			remoteInfo = HelloWorldApp;
		};
		37F124DE23834CCB00C9D006 /* PBXContainerItemProxy */ = {
			isa = PBXContainerItemProxy;
			containerPortal = 37F1249923834CCA00C9D006 /* PLRelational.xcodeproj */;
			proxyType = 2;
			remoteGlobalIDString = 37412E911F100848002F131A;
			remoteInfo = HelloWorldAppTests;
		};
		37F124E023834CCB00C9D006 /* PBXContainerItemProxy */ = {
			isa = PBXContainerItemProxy;
			containerPortal = 37F1249923834CCA00C9D006 /* PLRelational.xcodeproj */;
			proxyType = 2;
			remoteGlobalIDString = 37412E9C1F100848002F131A;
			remoteInfo = HelloWorldAppUITests;
		};
		37F124E223834CCB00C9D006 /* PBXContainerItemProxy */ = {
			isa = PBXContainerItemProxy;
			containerPortal = 37F1249923834CCA00C9D006 /* PLRelational.xcodeproj */;
			proxyType = 2;
			remoteGlobalIDString = 37A1CE6B1D1081980067870D;
			remoteInfo = SearchApp;
		};
		37F124E423834CCB00C9D006 /* PBXContainerItemProxy */ = {
			isa = PBXContainerItemProxy;
			containerPortal = 37F1249923834CCA00C9D006 /* PLRelational.xcodeproj */;
			proxyType = 2;
			remoteGlobalIDString = 37A1CE791D1081980067870D;
			remoteInfo = SearchAppTests;
		};
		37F124E623834CCB00C9D006 /* PBXContainerItemProxy */ = {
			isa = PBXContainerItemProxy;
			containerPortal = 37F1249923834CCA00C9D006 /* PLRelational.xcodeproj */;
			proxyType = 2;
			remoteGlobalIDString = 37A1CE841D1081980067870D;
			remoteInfo = SearchAppUITests;
		};
		37F124E823834CCB00C9D006 /* PBXContainerItemProxy */ = {
			isa = PBXContainerItemProxy;
			containerPortal = 37F1249923834CCA00C9D006 /* PLRelational.xcodeproj */;
			proxyType = 2;
			remoteGlobalIDString = 37AEC3F31F576D18004E5487;
			remoteInfo = TodoApp;
		};
		37F124EA23834CCB00C9D006 /* PBXContainerItemProxy */ = {
			isa = PBXContainerItemProxy;
			containerPortal = 37F1249923834CCA00C9D006 /* PLRelational.xcodeproj */;
			proxyType = 2;
			remoteGlobalIDString = 378A2D211F8FFA75009F3EF8;
			remoteInfo = TodoClientApp;
		};
		37F124EC23834CCB00C9D006 /* PBXContainerItemProxy */ = {
			isa = PBXContainerItemProxy;
			containerPortal = 37F1249923834CCA00C9D006 /* PLRelational.xcodeproj */;
			proxyType = 2;
			remoteGlobalIDString = 3709DDAA235A346E009F794B;
			remoteInfo = "TodoApp-SwiftUI";
		};
		37F124EE23834CCB00C9D006 /* PBXContainerItemProxy */ = {
			isa = PBXContainerItemProxy;
			containerPortal = 37F1249923834CCA00C9D006 /* PLRelational.xcodeproj */;
			proxyType = 2;
			remoteGlobalIDString = 374315FC1F420B5200128F5A;
			remoteInfo = RelationChangeApp;
		};
		37F124F023834CCB00C9D006 /* PBXContainerItemProxy */ = {
			isa = PBXContainerItemProxy;
			containerPortal = 37F1249923834CCA00C9D006 /* PLRelational.xcodeproj */;
			proxyType = 2;
			remoteGlobalIDString = 37D4EBB31F4D01550010229E;
			remoteInfo = MiniVisualizer;
		};
		37F124F223834CCB00C9D006 /* PBXContainerItemProxy */ = {
			isa = PBXContainerItemProxy;
			containerPortal = 37F1249923834CCA00C9D006 /* PLRelational.xcodeproj */;
			proxyType = 2;
			remoteGlobalIDString = 37504B381DC6995100CEE4D4;
			remoteInfo = Visualizer;
		};
		37F124F423834CCB00C9D006 /* PBXContainerItemProxy */ = {
			isa = PBXContainerItemProxy;
			containerPortal = 37F1249923834CCA00C9D006 /* PLRelational.xcodeproj */;
			proxyType = 2;
			remoteGlobalIDString = 37504B4B1DC6995100CEE4D4;
			remoteInfo = VisualizerTests;
		};
		37F124F623834CCB00C9D006 /* PBXContainerItemProxy */ = {
			isa = PBXContainerItemProxy;
			containerPortal = 37F1249923834CCA00C9D006 /* PLRelational.xcodeproj */;
			proxyType = 2;
			remoteGlobalIDString = 37504B561DC6995100CEE4D4;
			remoteInfo = VisualizerUITests;
		};
		37F124F823834CCB00C9D006 /* PBXContainerItemProxy */ = {
			isa = PBXContainerItemProxy;
			containerPortal = 37F1249923834CCA00C9D006 /* PLRelational.xcodeproj */;
			proxyType = 2;
			remoteGlobalIDString = C27511141F20DFE3009DB9CC;
			remoteInfo = DocumentationBuilder;
		};
		37F124FA23834CD900C9D006 /* PBXContainerItemProxy */ = {
			isa = PBXContainerItemProxy;
			containerPortal = 37F1249923834CCA00C9D006 /* PLRelational.xcodeproj */;
			proxyType = 1;
			remoteGlobalIDString = 37B43FF91E8997EB00C8C336;
			remoteInfo = "PLRelational-macOS";
		};
		37F124FC23834CDF00C9D006 /* PBXContainerItemProxy */ = {
			isa = PBXContainerItemProxy;
			containerPortal = 37F1249923834CCA00C9D006 /* PLRelational.xcodeproj */;
			proxyType = 1;
			remoteGlobalIDString = 371EDB34235F62720079AE5E;
			remoteInfo = "PLRelationalCombine-macOS";
		};
/* End PBXContainerItemProxy section */

/* Begin PBXFileReference section */
		37F1245B23834A2400C9D006 /* TodoApp-SwiftUI-macOS.app */ = {isa = PBXFileReference; explicitFileType = wrapper.application; includeInIndex = 0; path = "TodoApp-SwiftUI-macOS.app"; sourceTree = BUILT_PRODUCTS_DIR; };
		37F1247023834B8300C9D006 /* DetailView.swift */ = {isa = PBXFileReference; fileEncoding = 4; lastKnownFileType = sourcecode.swift; path = DetailView.swift; sourceTree = "<group>"; };
		37F1247123834B8300C9D006 /* ChecklistViewModel.swift */ = {isa = PBXFileReference; fileEncoding = 4; lastKnownFileType = sourcecode.swift; path = ChecklistViewModel.swift; sourceTree = "<group>"; };
		37F1247223834B8300C9D006 /* Model.swift */ = {isa = PBXFileReference; fileEncoding = 4; lastKnownFileType = sourcecode.swift; path = Model.swift; sourceTree = "<group>"; };
		37F1247323834B8300C9D006 /* ChecklistView.swift */ = {isa = PBXFileReference; fileEncoding = 4; lastKnownFileType = sourcecode.swift; path = ChecklistView.swift; sourceTree = "<group>"; };
		37F1247423834B8300C9D006 /* ChecklistItemViewModel.swift */ = {isa = PBXFileReference; fileEncoding = 4; lastKnownFileType = sourcecode.swift; path = ChecklistItemViewModel.swift; sourceTree = "<group>"; };
		37F1247523834B8300C9D006 /* Identifiers.swift */ = {isa = PBXFileReference; fileEncoding = 4; lastKnownFileType = sourcecode.swift; path = Identifiers.swift; sourceTree = "<group>"; };
		37F1247623834B8300C9D006 /* ContentViewModel.swift */ = {isa = PBXFileReference; fileEncoding = 4; lastKnownFileType = sourcecode.swift; path = ContentViewModel.swift; sourceTree = "<group>"; };
		37F1247723834B8300C9D006 /* DetailViewModel.swift */ = {isa = PBXFileReference; fileEncoding = 4; lastKnownFileType = sourcecode.swift; path = DetailViewModel.swift; sourceTree = "<group>"; };
		37F1247823834B8300C9D006 /* TextView.swift */ = {isa = PBXFileReference; fileEncoding = 4; lastKnownFileType = sourcecode.swift; path = TextView.swift; sourceTree = "<group>"; };
		37F1247923834B8300C9D006 /* AppDelegate.swift */ = {isa = PBXFileReference; fileEncoding = 4; lastKnownFileType = sourcecode.swift; path = AppDelegate.swift; sourceTree = "<group>"; };
		37F1247A23834B8300C9D006 /* ChecklistItemView.swift */ = {isa = PBXFileReference; fileEncoding = 4; lastKnownFileType = sourcecode.swift; path = ChecklistItemView.swift; sourceTree = "<group>"; };
		37F1247B23834B8300C9D006 /* ContentView.swift */ = {isa = PBXFileReference; fileEncoding = 4; lastKnownFileType = sourcecode.swift; path = ContentView.swift; sourceTree = "<group>"; };
		37F1247C23834B8300C9D006 /* EphemeralComboBox.swift */ = {isa = PBXFileReference; fileEncoding = 4; lastKnownFileType = sourcecode.swift; path = EphemeralComboBox.swift; sourceTree = "<group>"; };
		37F1248B23834B9000C9D006 /* Assets.xcassets */ = {isa = PBXFileReference; lastKnownFileType = folder.assetcatalog; path = Assets.xcassets; sourceTree = "<group>"; };
		37F1248D23834B9000C9D006 /* Preview Assets.xcassets */ = {isa = PBXFileReference; lastKnownFileType = folder.assetcatalog; path = "Preview Assets.xcassets"; sourceTree = "<group>"; };
		37F1248F23834B9000C9D006 /* Base */ = {isa = PBXFileReference; lastKnownFileType = file.storyboard; name = Base; path = Base.lproj/Main.storyboard; sourceTree = "<group>"; };
		37F1249523834C3D00C9D006 /* App.entitlements */ = {isa = PBXFileReference; fileEncoding = 4; lastKnownFileType = text.plist.entitlements; path = App.entitlements; sourceTree = "<group>"; };
		37F1249623834C3D00C9D006 /* Info.plist */ = {isa = PBXFileReference; fileEncoding = 4; lastKnownFileType = text.plist.xml; path = Info.plist; sourceTree = "<group>"; };
		37F1249923834CCA00C9D006 /* PLRelational.xcodeproj */ = {isa = PBXFileReference; lastKnownFileType = "wrapper.pb-project"; name = PLRelational.xcodeproj; path = ../PLRelational.xcodeproj; sourceTree = "<group>"; };
/* End PBXFileReference section */

/* Begin PBXFrameworksBuildPhase section */
		37F1245823834A2400C9D006 /* Frameworks */ = {
			isa = PBXFrameworksBuildPhase;
			buildActionMask = 2147483647;
			files = (
				37F124FF23834CE800C9D006 /* PLRelational.framework in Frameworks */,
				37F1250023834CEC00C9D006 /* PLRelationalCombine.framework in Frameworks */,
			);
			runOnlyForDeploymentPostprocessing = 0;
		};
/* End PBXFrameworksBuildPhase section */

/* Begin PBXGroup section */
		37F124502383493E00C9D006 = {
			isa = PBXGroup;
			children = (
				37F1249823834CB900C9D006 /* Dependencies */,
				37F1245D23834A2400C9D006 /* TodoApp-SwiftUI-macOS */,
				37F1245C23834A2400C9D006 /* Products */,
				37F124FE23834CE800C9D006 /* Frameworks */,
			);
			sourceTree = "<group>";
		};
		37F1245C23834A2400C9D006 /* Products */ = {
			isa = PBXGroup;
			children = (
				37F1245B23834A2400C9D006 /* TodoApp-SwiftUI-macOS.app */,
			);
			name = Products;
			sourceTree = "<group>";
		};
		37F1245D23834A2400C9D006 /* TodoApp-SwiftUI-macOS */ = {
			isa = PBXGroup;
			children = (
				37F1246F23834B8300C9D006 /* Sources */,
				37F1248A23834B9000C9D006 /* Resources */,
				37F1249423834BAE00C9D006 /* Supporting Files */,
			);
			path = "TodoApp-SwiftUI-macOS";
			sourceTree = "<group>";
		};
		37F1246F23834B8300C9D006 /* Sources */ = {
			isa = PBXGroup;
			children = (
				37F1247923834B8300C9D006 /* AppDelegate.swift */,
				37F1250223834DEF00C9D006 /* Model */,
				37F1250123834DE900C9D006 /* UI */,
			);
			path = Sources;
			sourceTree = "<group>";
		};
		37F1248A23834B9000C9D006 /* Resources */ = {
			isa = PBXGroup;
			children = (
				37F1248B23834B9000C9D006 /* Assets.xcassets */,
				37F1248C23834B9000C9D006 /* Preview Content */,
				37F1248E23834B9000C9D006 /* Main.storyboard */,
			);
			path = Resources;
			sourceTree = "<group>";
		};
		37F1248C23834B9000C9D006 /* Preview Content */ = {
			isa = PBXGroup;
			children = (
				37F1248D23834B9000C9D006 /* Preview Assets.xcassets */,
			);
			path = "Preview Content";
			sourceTree = "<group>";
		};
		37F1249423834BAE00C9D006 /* Supporting Files */ = {
			isa = PBXGroup;
			children = (
				37F1249523834C3D00C9D006 /* App.entitlements */,
				37F1249623834C3D00C9D006 /* Info.plist */,
			);
			name = "Supporting Files";
			sourceTree = "<group>";
		};
		37F1249823834CB900C9D006 /* Dependencies */ = {
			isa = PBXGroup;
			children = (
				37F1249923834CCA00C9D006 /* PLRelational.xcodeproj */,
			);
			name = Dependencies;
			sourceTree = "<group>";
		};
		37F1249A23834CCA00C9D006 /* Products */ = {
			isa = PBXGroup;
			children = (
				37F124BD23834CCB00C9D006 /* PLRelational.framework */,
				37F124BF23834CCB00C9D006 /* PLRelationalTests.xctest */,
				37F124C123834CCB00C9D006 /* PLRelational.framework */,
				37F124C323834CCB00C9D006 /* PLRelationalTests.xctest */,
				37F124C523834CCB00C9D006 /* PLRelationalBinding.framework */,
				37F124C723834CCB00C9D006 /* PLRelationalBindingTests.xctest */,
				37F124C923834CCB00C9D006 /* PLRelationalBinding.framework */,
				37F124CB23834CCB00C9D006 /* PLRelationalBindingTests.xctest */,
				37F124CD23834CCB00C9D006 /* PLBindableControls.framework */,
				37F124CF23834CCB00C9D006 /* PLBindableControlsTests.xctest */,
				37F124D123834CCB00C9D006 /* PLBindableControls.framework */,
				37F124D323834CCB00C9D006 /* PLBindableControlsTests.xctest */,
				37F124D523834CCB00C9D006 /* PLRelationalCombine.framework */,
				37F124D723834CCB00C9D006 /* PLRelationalCombineTests.xctest */,
				37F124D923834CCB00C9D006 /* BindableControlsApp.app */,
				37F124DB23834CCB00C9D006 /* BindableControlsAppUITests.xctest */,
				37F124DD23834CCB00C9D006 /* HelloWorldApp.app */,
				37F124DF23834CCB00C9D006 /* HelloWorldAppTests.xctest */,
				37F124E123834CCB00C9D006 /* HelloWorldAppUITests.xctest */,
				37F124E323834CCB00C9D006 /* SearchApp.app */,
				37F124E523834CCB00C9D006 /* SearchAppTests.xctest */,
				37F124E723834CCB00C9D006 /* SearchAppUITests.xctest */,
				37F124E923834CCB00C9D006 /* TodoApp.app */,
				37F124EB23834CCB00C9D006 /* TodoClientApp.app */,
				37F124ED23834CCB00C9D006 /* TodoApp-SwiftUI.app */,
				37F124EF23834CCB00C9D006 /* RelationChangeApp.app */,
				37F124F123834CCB00C9D006 /* MiniVisualizer.app */,
				37F124F323834CCB00C9D006 /* Visualizer.app */,
				37F124F523834CCB00C9D006 /* VisualizerTests.xctest */,
				37F124F723834CCB00C9D006 /* VisualizerUITests.xctest */,
				37F124F923834CCB00C9D006 /* DocumentationBuilder */,
			);
			name = Products;
			sourceTree = "<group>";
		};
		37F124FE23834CE800C9D006 /* Frameworks */ = {
			isa = PBXGroup;
			children = (
			);
			name = Frameworks;
			sourceTree = "<group>";
		};
		37F1250123834DE900C9D006 /* UI */ = {
			isa = PBXGroup;
			children = (
				37F1247B23834B8300C9D006 /* ContentView.swift */,
				37F1247623834B8300C9D006 /* ContentViewModel.swift */,
				37F1250323834DFB00C9D006 /* Checklist */,
				37F1250423834E0500C9D006 /* Detail */,
				37F1250523834E1500C9D006 /* Private */,
			);
			name = UI;
			sourceTree = "<group>";
		};
		37F1250223834DEF00C9D006 /* Model */ = {
			isa = PBXGroup;
			children = (
				37F1247523834B8300C9D006 /* Identifiers.swift */,
				37F1247223834B8300C9D006 /* Model.swift */,
			);
			name = Model;
			sourceTree = "<group>";
		};
		37F1250323834DFB00C9D006 /* Checklist */ = {
			isa = PBXGroup;
			children = (
				37F1247323834B8300C9D006 /* ChecklistView.swift */,
				37F1247123834B8300C9D006 /* ChecklistViewModel.swift */,
				37F1250623834E1F00C9D006 /* Items */,
			);
			name = Checklist;
			sourceTree = "<group>";
		};
		37F1250423834E0500C9D006 /* Detail */ = {
			isa = PBXGroup;
			children = (
				37F1247023834B8300C9D006 /* DetailView.swift */,
				37F1247723834B8300C9D006 /* DetailViewModel.swift */,
			);
			name = Detail;
			sourceTree = "<group>";
		};
		37F1250523834E1500C9D006 /* Private */ = {
			isa = PBXGroup;
			children = (
				37F1247C23834B8300C9D006 /* EphemeralComboBox.swift */,
				37F1247823834B8300C9D006 /* TextView.swift */,
			);
			name = Private;
			sourceTree = "<group>";
		};
		37F1250623834E1F00C9D006 /* Items */ = {
			isa = PBXGroup;
			children = (
				37F1247A23834B8300C9D006 /* ChecklistItemView.swift */,
				37F1247423834B8300C9D006 /* ChecklistItemViewModel.swift */,
			);
			name = Items;
			sourceTree = "<group>";
		};
/* End PBXGroup section */

/* Begin PBXNativeTarget section */
		37F1245A23834A2400C9D006 /* TodoApp-SwiftUI-macOS */ = {
			isa = PBXNativeTarget;
			buildConfigurationList = 37F1246C23834A2600C9D006 /* Build configuration list for PBXNativeTarget "TodoApp-SwiftUI-macOS" */;
			buildPhases = (
				37F1245723834A2400C9D006 /* Sources */,
				37F1245823834A2400C9D006 /* Frameworks */,
				37F1245923834A2400C9D006 /* Resources */,
			);
			buildRules = (
			);
			dependencies = (
				37F124FB23834CD900C9D006 /* PBXTargetDependency */,
				37F124FD23834CDF00C9D006 /* PBXTargetDependency */,
			);
			name = "TodoApp-SwiftUI-macOS";
			productName = "TodoApp-SwiftUI";
			productReference = 37F1245B23834A2400C9D006 /* TodoApp-SwiftUI-macOS.app */;
			productType = "com.apple.product-type.application";
		};
/* End PBXNativeTarget section */

/* Begin PBXProject section */
		37F124512383493E00C9D006 /* Project object */ = {
			isa = PBXProject;
			attributes = {
				LastSwiftUpdateCheck = 1110;
				LastUpgradeCheck = 1110;
				TargetAttributes = {
					37F1245A23834A2400C9D006 = {
						CreatedOnToolsVersion = 11.1;
					};
				};
			};
			buildConfigurationList = 37F124542383493E00C9D006 /* Build configuration list for PBXProject "PLRelationalExamples" */;
			compatibilityVersion = "Xcode 9.3";
			developmentRegion = en;
			hasScannedForEncodings = 0;
			knownRegions = (
				en,
				Base,
			);
			mainGroup = 37F124502383493E00C9D006;
			productRefGroup = 37F1245C23834A2400C9D006 /* Products */;
			projectDirPath = "";
			projectReferences = (
				{
					ProductGroup = 37F1249A23834CCA00C9D006 /* Products */;
					ProjectRef = 37F1249923834CCA00C9D006 /* PLRelational.xcodeproj */;
				},
			);
			projectRoot = "";
			targets = (
				37F1245A23834A2400C9D006 /* TodoApp-SwiftUI-macOS */,
			);
		};
/* End PBXProject section */

/* Begin PBXReferenceProxy section */
		37F124BD23834CCB00C9D006 /* PLRelational.framework */ = {
			isa = PBXReferenceProxy;
			fileType = wrapper.framework;
			path = PLRelational.framework;
			remoteRef = 37F124BC23834CCB00C9D006 /* PBXContainerItemProxy */;
			sourceTree = BUILT_PRODUCTS_DIR;
		};
		37F124BF23834CCB00C9D006 /* PLRelationalTests.xctest */ = {
			isa = PBXReferenceProxy;
			fileType = wrapper.cfbundle;
			path = PLRelationalTests.xctest;
			remoteRef = 37F124BE23834CCB00C9D006 /* PBXContainerItemProxy */;
			sourceTree = BUILT_PRODUCTS_DIR;
		};
		37F124C123834CCB00C9D006 /* PLRelational.framework */ = {
			isa = PBXReferenceProxy;
			fileType = wrapper.framework;
			path = PLRelational.framework;
			remoteRef = 37F124C023834CCB00C9D006 /* PBXContainerItemProxy */;
			sourceTree = BUILT_PRODUCTS_DIR;
		};
		37F124C323834CCB00C9D006 /* PLRelationalTests.xctest */ = {
			isa = PBXReferenceProxy;
			fileType = wrapper.cfbundle;
			path = PLRelationalTests.xctest;
			remoteRef = 37F124C223834CCB00C9D006 /* PBXContainerItemProxy */;
			sourceTree = BUILT_PRODUCTS_DIR;
		};
		37F124C523834CCB00C9D006 /* PLRelationalBinding.framework */ = {
			isa = PBXReferenceProxy;
			fileType = wrapper.framework;
			path = PLRelationalBinding.framework;
			remoteRef = 37F124C423834CCB00C9D006 /* PBXContainerItemProxy */;
			sourceTree = BUILT_PRODUCTS_DIR;
		};
		37F124C723834CCB00C9D006 /* PLRelationalBindingTests.xctest */ = {
			isa = PBXReferenceProxy;
			fileType = wrapper.cfbundle;
			path = PLRelationalBindingTests.xctest;
			remoteRef = 37F124C623834CCB00C9D006 /* PBXContainerItemProxy */;
			sourceTree = BUILT_PRODUCTS_DIR;
		};
		37F124C923834CCB00C9D006 /* PLRelationalBinding.framework */ = {
			isa = PBXReferenceProxy;
			fileType = wrapper.framework;
			path = PLRelationalBinding.framework;
			remoteRef = 37F124C823834CCB00C9D006 /* PBXContainerItemProxy */;
			sourceTree = BUILT_PRODUCTS_DIR;
		};
		37F124CB23834CCB00C9D006 /* PLRelationalBindingTests.xctest */ = {
			isa = PBXReferenceProxy;
			fileType = wrapper.cfbundle;
			path = PLRelationalBindingTests.xctest;
			remoteRef = 37F124CA23834CCB00C9D006 /* PBXContainerItemProxy */;
			sourceTree = BUILT_PRODUCTS_DIR;
		};
		37F124CD23834CCB00C9D006 /* PLBindableControls.framework */ = {
			isa = PBXReferenceProxy;
			fileType = wrapper.framework;
			path = PLBindableControls.framework;
			remoteRef = 37F124CC23834CCB00C9D006 /* PBXContainerItemProxy */;
			sourceTree = BUILT_PRODUCTS_DIR;
		};
		37F124CF23834CCB00C9D006 /* PLBindableControlsTests.xctest */ = {
			isa = PBXReferenceProxy;
			fileType = wrapper.cfbundle;
			path = PLBindableControlsTests.xctest;
			remoteRef = 37F124CE23834CCB00C9D006 /* PBXContainerItemProxy */;
			sourceTree = BUILT_PRODUCTS_DIR;
		};
		37F124D123834CCB00C9D006 /* PLBindableControls.framework */ = {
			isa = PBXReferenceProxy;
			fileType = wrapper.framework;
			path = PLBindableControls.framework;
			remoteRef = 37F124D023834CCB00C9D006 /* PBXContainerItemProxy */;
			sourceTree = BUILT_PRODUCTS_DIR;
		};
		37F124D323834CCB00C9D006 /* PLBindableControlsTests.xctest */ = {
			isa = PBXReferenceProxy;
			fileType = wrapper.cfbundle;
			path = PLBindableControlsTests.xctest;
			remoteRef = 37F124D223834CCB00C9D006 /* PBXContainerItemProxy */;
			sourceTree = BUILT_PRODUCTS_DIR;
		};
		37F124D523834CCB00C9D006 /* PLRelationalCombine.framework */ = {
			isa = PBXReferenceProxy;
			fileType = wrapper.framework;
			path = PLRelationalCombine.framework;
			remoteRef = 37F124D423834CCB00C9D006 /* PBXContainerItemProxy */;
			sourceTree = BUILT_PRODUCTS_DIR;
		};
		37F124D723834CCB00C9D006 /* PLRelationalCombineTests.xctest */ = {
			isa = PBXReferenceProxy;
			fileType = wrapper.cfbundle;
			path = PLRelationalCombineTests.xctest;
			remoteRef = 37F124D623834CCB00C9D006 /* PBXContainerItemProxy */;
			sourceTree = BUILT_PRODUCTS_DIR;
		};
		37F124D923834CCB00C9D006 /* BindableControlsApp.app */ = {
			isa = PBXReferenceProxy;
			fileType = wrapper.application;
			path = BindableControlsApp.app;
			remoteRef = 37F124D823834CCB00C9D006 /* PBXContainerItemProxy */;
			sourceTree = BUILT_PRODUCTS_DIR;
		};
		37F124DB23834CCB00C9D006 /* BindableControlsAppUITests.xctest */ = {
			isa = PBXReferenceProxy;
			fileType = wrapper.cfbundle;
			path = BindableControlsAppUITests.xctest;
			remoteRef = 37F124DA23834CCB00C9D006 /* PBXContainerItemProxy */;
			sourceTree = BUILT_PRODUCTS_DIR;
		};
		37F124DD23834CCB00C9D006 /* HelloWorldApp.app */ = {
			isa = PBXReferenceProxy;
			fileType = wrapper.application;
			path = HelloWorldApp.app;
			remoteRef = 37F124DC23834CCB00C9D006 /* PBXContainerItemProxy */;
			sourceTree = BUILT_PRODUCTS_DIR;
		};
		37F124DF23834CCB00C9D006 /* HelloWorldAppTests.xctest */ = {
			isa = PBXReferenceProxy;
			fileType = wrapper.cfbundle;
			path = HelloWorldAppTests.xctest;
			remoteRef = 37F124DE23834CCB00C9D006 /* PBXContainerItemProxy */;
			sourceTree = BUILT_PRODUCTS_DIR;
		};
		37F124E123834CCB00C9D006 /* HelloWorldAppUITests.xctest */ = {
			isa = PBXReferenceProxy;
			fileType = wrapper.cfbundle;
			path = HelloWorldAppUITests.xctest;
			remoteRef = 37F124E023834CCB00C9D006 /* PBXContainerItemProxy */;
			sourceTree = BUILT_PRODUCTS_DIR;
		};
		37F124E323834CCB00C9D006 /* SearchApp.app */ = {
			isa = PBXReferenceProxy;
			fileType = wrapper.application;
			path = SearchApp.app;
			remoteRef = 37F124E223834CCB00C9D006 /* PBXContainerItemProxy */;
			sourceTree = BUILT_PRODUCTS_DIR;
		};
		37F124E523834CCB00C9D006 /* SearchAppTests.xctest */ = {
			isa = PBXReferenceProxy;
			fileType = wrapper.cfbundle;
			path = SearchAppTests.xctest;
			remoteRef = 37F124E423834CCB00C9D006 /* PBXContainerItemProxy */;
			sourceTree = BUILT_PRODUCTS_DIR;
		};
		37F124E723834CCB00C9D006 /* SearchAppUITests.xctest */ = {
			isa = PBXReferenceProxy;
			fileType = wrapper.cfbundle;
			path = SearchAppUITests.xctest;
			remoteRef = 37F124E623834CCB00C9D006 /* PBXContainerItemProxy */;
			sourceTree = BUILT_PRODUCTS_DIR;
		};
		37F124E923834CCB00C9D006 /* TodoApp.app */ = {
			isa = PBXReferenceProxy;
			fileType = wrapper.application;
			path = TodoApp.app;
			remoteRef = 37F124E823834CCB00C9D006 /* PBXContainerItemProxy */;
			sourceTree = BUILT_PRODUCTS_DIR;
		};
		37F124EB23834CCB00C9D006 /* TodoClientApp.app */ = {
			isa = PBXReferenceProxy;
			fileType = wrapper.application;
			path = TodoClientApp.app;
			remoteRef = 37F124EA23834CCB00C9D006 /* PBXContainerItemProxy */;
			sourceTree = BUILT_PRODUCTS_DIR;
		};
		37F124ED23834CCB00C9D006 /* TodoApp-SwiftUI.app */ = {
			isa = PBXReferenceProxy;
			fileType = wrapper.application;
			path = "TodoApp-SwiftUI.app";
			remoteRef = 37F124EC23834CCB00C9D006 /* PBXContainerItemProxy */;
			sourceTree = BUILT_PRODUCTS_DIR;
		};
		37F124EF23834CCB00C9D006 /* RelationChangeApp.app */ = {
			isa = PBXReferenceProxy;
			fileType = wrapper.application;
			path = RelationChangeApp.app;
			remoteRef = 37F124EE23834CCB00C9D006 /* PBXContainerItemProxy */;
			sourceTree = BUILT_PRODUCTS_DIR;
		};
		37F124F123834CCB00C9D006 /* MiniVisualizer.app */ = {
			isa = PBXReferenceProxy;
			fileType = wrapper.application;
			path = MiniVisualizer.app;
			remoteRef = 37F124F023834CCB00C9D006 /* PBXContainerItemProxy */;
			sourceTree = BUILT_PRODUCTS_DIR;
		};
		37F124F323834CCB00C9D006 /* Visualizer.app */ = {
			isa = PBXReferenceProxy;
			fileType = wrapper.application;
			path = Visualizer.app;
			remoteRef = 37F124F223834CCB00C9D006 /* PBXContainerItemProxy */;
			sourceTree = BUILT_PRODUCTS_DIR;
		};
		37F124F523834CCB00C9D006 /* VisualizerTests.xctest */ = {
			isa = PBXReferenceProxy;
			fileType = wrapper.cfbundle;
			path = VisualizerTests.xctest;
			remoteRef = 37F124F423834CCB00C9D006 /* PBXContainerItemProxy */;
			sourceTree = BUILT_PRODUCTS_DIR;
		};
		37F124F723834CCB00C9D006 /* VisualizerUITests.xctest */ = {
			isa = PBXReferenceProxy;
			fileType = wrapper.cfbundle;
			path = VisualizerUITests.xctest;
			remoteRef = 37F124F623834CCB00C9D006 /* PBXContainerItemProxy */;
			sourceTree = BUILT_PRODUCTS_DIR;
		};
		37F124F923834CCB00C9D006 /* DocumentationBuilder */ = {
			isa = PBXReferenceProxy;
			fileType = "compiled.mach-o.executable";
			path = DocumentationBuilder;
			remoteRef = 37F124F823834CCB00C9D006 /* PBXContainerItemProxy */;
			sourceTree = BUILT_PRODUCTS_DIR;
		};
/* End PBXReferenceProxy section */

/* Begin PBXResourcesBuildPhase section */
		37F1245923834A2400C9D006 /* Resources */ = {
			isa = PBXResourcesBuildPhase;
			buildActionMask = 2147483647;
			files = (
				37F1249723834C3D00C9D006 /* Info.plist in Resources */,
				37F1249223834B9000C9D006 /* Main.storyboard in Resources */,
				37F1249123834B9000C9D006 /* Preview Assets.xcassets in Resources */,
				37F1249023834B9000C9D006 /* Assets.xcassets in Resources */,
			);
			runOnlyForDeploymentPostprocessing = 0;
		};
/* End PBXResourcesBuildPhase section */

/* Begin PBXSourcesBuildPhase section */
		37F1245723834A2400C9D006 /* Sources */ = {
			isa = PBXSourcesBuildPhase;
			buildActionMask = 2147483647;
			files = (
				37F1247F23834B8300C9D006 /* Model.swift in Sources */,
				37F1247D23834B8300C9D006 /* DetailView.swift in Sources */,
				37F1248823834B8300C9D006 /* ContentView.swift in Sources */,
				37F1247E23834B8300C9D006 /* ChecklistViewModel.swift in Sources */,
				37F1248323834B8300C9D006 /* ContentViewModel.swift in Sources */,
				37F1248023834B8300C9D006 /* ChecklistView.swift in Sources */,
				37F1248223834B8300C9D006 /* Identifiers.swift in Sources */,
				37F1248523834B8300C9D006 /* TextView.swift in Sources */,
				37F1248123834B8300C9D006 /* ChecklistItemViewModel.swift in Sources */,
				37F1248923834B8300C9D006 /* EphemeralComboBox.swift in Sources */,
				37F1248723834B8300C9D006 /* ChecklistItemView.swift in Sources */,
				37F1248623834B8300C9D006 /* AppDelegate.swift in Sources */,
				37F1248423834B8300C9D006 /* DetailViewModel.swift in Sources */,
			);
			runOnlyForDeploymentPostprocessing = 0;
		};
/* End PBXSourcesBuildPhase section */

/* Begin PBXTargetDependency section */
		37F124FB23834CD900C9D006 /* PBXTargetDependency */ = {
			isa = PBXTargetDependency;
			name = "PLRelational-macOS";
			targetProxy = 37F124FA23834CD900C9D006 /* PBXContainerItemProxy */;
		};
		37F124FD23834CDF00C9D006 /* PBXTargetDependency */ = {
			isa = PBXTargetDependency;
			name = "PLRelationalCombine-macOS";
			targetProxy = 37F124FC23834CDF00C9D006 /* PBXContainerItemProxy */;
		};
/* End PBXTargetDependency section */

/* Begin PBXVariantGroup section */
		37F1248E23834B9000C9D006 /* Main.storyboard */ = {
			isa = PBXVariantGroup;
			children = (
				37F1248F23834B9000C9D006 /* Base */,
			);
			name = Main.storyboard;
			sourceTree = "<group>";
		};
/* End PBXVariantGroup section */

/* Begin XCBuildConfiguration section */
		37F124552383493E00C9D006 /* Debug */ = {
			isa = XCBuildConfiguration;
			buildSettings = {
			};
			name = Debug;
		};
		37F124562383493E00C9D006 /* Release */ = {
			isa = XCBuildConfiguration;
			buildSettings = {
			};
			name = Release;
		};
		37F1246D23834A2600C9D006 /* Debug */ = {
			isa = XCBuildConfiguration;
			buildSettings = {
				ALWAYS_SEARCH_USER_PATHS = NO;
				ASSETCATALOG_COMPILER_APPICON_NAME = AppIcon;
				CLANG_ANALYZER_NONNULL = YES;
				CLANG_ANALYZER_NUMBER_OBJECT_CONVERSION = YES_AGGRESSIVE;
				CLANG_CXX_LANGUAGE_STANDARD = "gnu++14";
				CLANG_CXX_LIBRARY = "libc++";
				CLANG_ENABLE_MODULES = YES;
				CLANG_ENABLE_OBJC_ARC = YES;
				CLANG_ENABLE_OBJC_WEAK = YES;
				CLANG_WARN_BLOCK_CAPTURE_AUTORELEASING = YES;
				CLANG_WARN_BOOL_CONVERSION = YES;
				CLANG_WARN_COMMA = YES;
				CLANG_WARN_CONSTANT_CONVERSION = YES;
				CLANG_WARN_DEPRECATED_OBJC_IMPLEMENTATIONS = YES;
				CLANG_WARN_DIRECT_OBJC_ISA_USAGE = YES_ERROR;
				CLANG_WARN_DOCUMENTATION_COMMENTS = YES;
				CLANG_WARN_EMPTY_BODY = YES;
				CLANG_WARN_ENUM_CONVERSION = YES;
				CLANG_WARN_INFINITE_RECURSION = YES;
				CLANG_WARN_INT_CONVERSION = YES;
				CLANG_WARN_NON_LITERAL_NULL_CONVERSION = YES;
				CLANG_WARN_OBJC_IMPLICIT_RETAIN_SELF = YES;
				CLANG_WARN_OBJC_LITERAL_CONVERSION = YES;
				CLANG_WARN_OBJC_ROOT_CLASS = YES_ERROR;
				CLANG_WARN_RANGE_LOOP_ANALYSIS = YES;
				CLANG_WARN_STRICT_PROTOTYPES = YES;
				CLANG_WARN_SUSPICIOUS_MOVE = YES;
				CLANG_WARN_UNGUARDED_AVAILABILITY = YES_AGGRESSIVE;
				CLANG_WARN_UNREACHABLE_CODE = YES;
				CLANG_WARN__DUPLICATE_METHOD_MATCH = YES;
				CODE_SIGN_ENTITLEMENTS = "TodoApp-SwiftUI-macOS/App.entitlements";
				CODE_SIGN_STYLE = Automatic;
				COMBINE_HIDPI_IMAGES = YES;
				COPY_PHASE_STRIP = NO;
				DEBUG_INFORMATION_FORMAT = dwarf;
				DEVELOPMENT_ASSET_PATHS = "\"TodoApp-SwiftUI-macOS/Resources/Preview Content\"";
				ENABLE_PREVIEWS = YES;
				ENABLE_STRICT_OBJC_MSGSEND = YES;
				ENABLE_TESTABILITY = YES;
				GCC_C_LANGUAGE_STANDARD = gnu11;
				GCC_DYNAMIC_NO_PIC = NO;
				GCC_NO_COMMON_BLOCKS = YES;
				GCC_OPTIMIZATION_LEVEL = 0;
				GCC_PREPROCESSOR_DEFINITIONS = (
					"DEBUG=1",
					"$(inherited)",
				);
				GCC_WARN_64_TO_32_BIT_CONVERSION = YES;
				GCC_WARN_ABOUT_RETURN_TYPE = YES_ERROR;
				GCC_WARN_UNDECLARED_SELECTOR = YES;
				GCC_WARN_UNINITIALIZED_AUTOS = YES_AGGRESSIVE;
				GCC_WARN_UNUSED_FUNCTION = YES;
				GCC_WARN_UNUSED_VARIABLE = YES;
				INFOPLIST_FILE = "TodoApp-SwiftUI-macOS/Info.plist";
				LD_RUNPATH_SEARCH_PATHS = (
					"$(inherited)",
					"@executable_path/../Frameworks",
				);
				MACOSX_DEPLOYMENT_TARGET = 10.15;
				MTL_ENABLE_DEBUG_INFO = INCLUDE_SOURCE;
				MTL_FAST_MATH = YES;
				ONLY_ACTIVE_ARCH = YES;
				PRODUCT_BUNDLE_IDENTIFIER = "coop.plausible.TodoApp-SwiftUI";
				PRODUCT_NAME = "$(TARGET_NAME)";
				SDKROOT = macosx;
				SWIFT_ACTIVE_COMPILATION_CONDITIONS = DEBUG;
				SWIFT_OPTIMIZATION_LEVEL = "-Onone";
				SWIFT_VERSION = 5.0;
			};
			name = Debug;
		};
		37F1246E23834A2600C9D006 /* Release */ = {
			isa = XCBuildConfiguration;
			buildSettings = {
				ALWAYS_SEARCH_USER_PATHS = NO;
				ASSETCATALOG_COMPILER_APPICON_NAME = AppIcon;
				CLANG_ANALYZER_NONNULL = YES;
				CLANG_ANALYZER_NUMBER_OBJECT_CONVERSION = YES_AGGRESSIVE;
				CLANG_CXX_LANGUAGE_STANDARD = "gnu++14";
				CLANG_CXX_LIBRARY = "libc++";
				CLANG_ENABLE_MODULES = YES;
				CLANG_ENABLE_OBJC_ARC = YES;
				CLANG_ENABLE_OBJC_WEAK = YES;
				CLANG_WARN_BLOCK_CAPTURE_AUTORELEASING = YES;
				CLANG_WARN_BOOL_CONVERSION = YES;
				CLANG_WARN_COMMA = YES;
				CLANG_WARN_CONSTANT_CONVERSION = YES;
				CLANG_WARN_DEPRECATED_OBJC_IMPLEMENTATIONS = YES;
				CLANG_WARN_DIRECT_OBJC_ISA_USAGE = YES_ERROR;
				CLANG_WARN_DOCUMENTATION_COMMENTS = YES;
				CLANG_WARN_EMPTY_BODY = YES;
				CLANG_WARN_ENUM_CONVERSION = YES;
				CLANG_WARN_INFINITE_RECURSION = YES;
				CLANG_WARN_INT_CONVERSION = YES;
				CLANG_WARN_NON_LITERAL_NULL_CONVERSION = YES;
				CLANG_WARN_OBJC_IMPLICIT_RETAIN_SELF = YES;
				CLANG_WARN_OBJC_LITERAL_CONVERSION = YES;
				CLANG_WARN_OBJC_ROOT_CLASS = YES_ERROR;
				CLANG_WARN_RANGE_LOOP_ANALYSIS = YES;
				CLANG_WARN_STRICT_PROTOTYPES = YES;
				CLANG_WARN_SUSPICIOUS_MOVE = YES;
				CLANG_WARN_UNGUARDED_AVAILABILITY = YES_AGGRESSIVE;
				CLANG_WARN_UNREACHABLE_CODE = YES;
				CLANG_WARN__DUPLICATE_METHOD_MATCH = YES;
				CODE_SIGN_ENTITLEMENTS = "TodoApp-SwiftUI-macOS/App.entitlements";
				CODE_SIGN_STYLE = Automatic;
				COMBINE_HIDPI_IMAGES = YES;
				COPY_PHASE_STRIP = NO;
				DEBUG_INFORMATION_FORMAT = "dwarf-with-dsym";
				DEVELOPMENT_ASSET_PATHS = "\"TodoApp-SwiftUI-macOS/Resources/Preview Content\"";
				ENABLE_NS_ASSERTIONS = NO;
				ENABLE_PREVIEWS = YES;
				ENABLE_STRICT_OBJC_MSGSEND = YES;
				GCC_C_LANGUAGE_STANDARD = gnu11;
				GCC_NO_COMMON_BLOCKS = YES;
				GCC_WARN_64_TO_32_BIT_CONVERSION = YES;
				GCC_WARN_ABOUT_RETURN_TYPE = YES_ERROR;
				GCC_WARN_UNDECLARED_SELECTOR = YES;
				GCC_WARN_UNINITIALIZED_AUTOS = YES_AGGRESSIVE;
				GCC_WARN_UNUSED_FUNCTION = YES;
				GCC_WARN_UNUSED_VARIABLE = YES;
				INFOPLIST_FILE = "TodoApp-SwiftUI-macOS/Info.plist";
				LD_RUNPATH_SEARCH_PATHS = (
					"$(inherited)",
					"@executable_path/../Frameworks",
				);
				MACOSX_DEPLOYMENT_TARGET = 10.15;
				MTL_ENABLE_DEBUG_INFO = NO;
				MTL_FAST_MATH = YES;
				PRODUCT_BUNDLE_IDENTIFIER = "coop.plausible.TodoApp-SwiftUI";
				PRODUCT_NAME = "$(TARGET_NAME)";
				SDKROOT = macosx;
				SWIFT_COMPILATION_MODE = wholemodule;
				SWIFT_OPTIMIZATION_LEVEL = "-O";
				SWIFT_VERSION = 5.0;
			};
			name = Release;
		};
/* End XCBuildConfiguration section */

/* Begin XCConfigurationList section */
		37F124542383493E00C9D006 /* Build configuration list for PBXProject "PLRelationalExamples" */ = {
			isa = XCConfigurationList;
			buildConfigurations = (
				37F124552383493E00C9D006 /* Debug */,
				37F124562383493E00C9D006 /* Release */,
			);
			defaultConfigurationIsVisible = 0;
			defaultConfigurationName = Release;
		};
		37F1246C23834A2600C9D006 /* Build configuration list for PBXNativeTarget "TodoApp-SwiftUI-macOS" */ = {
			isa = XCConfigurationList;
			buildConfigurations = (
				37F1246D23834A2600C9D006 /* Debug */,
				37F1246E23834A2600C9D006 /* Release */,
			);
			defaultConfigurationIsVisible = 0;
			defaultConfigurationName = Release;
		};
/* End XCConfigurationList section */
	};
	rootObject = 37F124512383493E00C9D006 /* Project object */;
}
